
Microsoft Visual Studio Solution File, Format Version 12.00
# Visual Studio Version 16
VisualStudioVersion = 16.0.31624.102
MinimumVisualStudioVersion = 10.0.40219.1
Project("{FAE04EC0-301F-11D3-BF4B-00C04F79EFBC}") = "Text_To_Speech.UWP", "Text_To_Speech\Text_To_Speech.UWP\Text_To_Speech.UWP.csproj", "{5575CB9A-DA9F-46ED-BFA2-F6120A990E33}"
EndProject
Project("{FAE04EC0-301F-11D3-BF4B-00C04F79EFBC}") = "Text_To_Speech.Android", "Text_To_Speech\Text_To_Speech.Android\Text_To_Speech.Android.csproj", "{8324777D-626F-4435-9F80-5494DFDCCCC7}"
EndProject
Project("{FAE04EC0-301F-11D3-BF4B-00C04F79EFBC}") = "Text_To_Speech", "Text_To_Speech\Text_To_Speech\Text_To_Speech.csproj", "{5121935B-DEB8-4903-95CD-0EFCE10978F7}"
EndProject
Global
	GlobalSection(SolutionConfigurationPlatforms) = preSolution
		Debug|Any CPU = Debug|Any CPU
		Debug|ARM = Debug|ARM
		Debug|x64 = Debug|x64
		Debug|x86 = Debug|x86
		Release|Any CPU = Release|Any CPU
		Release|ARM = Release|ARM
		Release|x64 = Release|x64
		Release|x86 = Release|x86
	EndGlobalSection
	GlobalSection(ProjectConfigurationPlatforms) = postSolution
		{5575CB9A-DA9F-46ED-BFA2-F6120A990E33}.Debug|Any CPU.ActiveCfg = Debug|x86
		{5575CB9A-DA9F-46ED-BFA2-F6120A990E33}.Debug|Any CPU.Build.0 = Debug|x86
		{5575CB9A-DA9F-46ED-BFA2-F6120A990E33}.Debug|Any CPU.Deploy.0 = Debug|x86
		{5575CB9A-DA9F-46ED-BFA2-F6120A990E33}.Debug|ARM.ActiveCfg = Debug|ARM
		{5575CB9A-DA9F-46ED-BFA2-F6120A990E33}.Debug|ARM.Build.0 = Debug|ARM
		{5575CB9A-DA9F-46ED-BFA2-F6120A990E33}.Debug|ARM.Deploy.0 = Debug|ARM
		{5575CB9A-DA9F-46ED-BFA2-F6120A990E33}.Debug|x64.ActiveCfg = Debug|x64
		{5575CB9A-DA9F-46ED-BFA2-F6120A990E33}.Debug|x64.Build.0 = Debug|x64
		{5575CB9A-DA9F-46ED-BFA2-F6120A990E33}.Debug|x64.Deploy.0 = Debug|x64
		{5575CB9A-DA9F-46ED-BFA2-F6120A990E33}.Debug|x86.ActiveCfg = Debug|x86
		{5575CB9A-DA9F-46ED-BFA2-F6120A990E33}.Debug|x86.Build.0 = Debug|x86
		{5575CB9A-DA9F-46ED-BFA2-F6120A990E33}.Debug|x86.Deploy.0 = Debug|x86
		{5575CB9A-DA9F-46ED-BFA2-F6120A990E33}.Release|Any CPU.ActiveCfg = Release|x86
		{5575CB9A-DA9F-46ED-BFA2-F6120A990E33}.Release|Any CPU.Build.0 = Release|x86
		{5575CB9A-DA9F-46ED-BFA2-F6120A990E33}.Release|Any CPU.Deploy.0 = Release|x86
		{5575CB9A-DA9F-46ED-BFA2-F6120A990E33}.Release|ARM.ActiveCfg = Release|ARM
		{5575CB9A-DA9F-46ED-BFA2-F6120A990E33}.Release|ARM.Build.0 = Release|ARM
		{5575CB9A-DA9F-46ED-BFA2-F6120A990E33}.Release|ARM.Deploy.0 = Release|ARM
		{5575CB9A-DA9F-46ED-BFA2-F6120A990E33}.Release|x64.ActiveCfg = Release|x64
		{5575CB9A-DA9F-46ED-BFA2-F6120A990E33}.Release|x64.Build.0 = Release|x64
		{5575CB9A-DA9F-46ED-BFA2-F6120A990E33}.Release|x64.Deploy.0 = Release|x64
		{5575CB9A-DA9F-46ED-BFA2-F6120A990E33}.Release|x86.ActiveCfg = Release|x86
		{5575CB9A-DA9F-46ED-BFA2-F6120A990E33}.Release|x86.Build.0 = Release|x86
		{5575CB9A-DA9F-46ED-BFA2-F6120A990E33}.Release|x86.Deploy.0 = Release|x86
		{8324777D-626F-4435-9F80-5494DFDCCCC7}.Debug|Any CPU.ActiveCfg = Debug|Any CPU
		{8324777D-626F-4435-9F80-5494DFDCCCC7}.Debug|Any CPU.Build.0 = Debug|Any CPU
		{8324777D-626F-4435-9F80-5494DFDCCCC7}.Debug|Any CPU.Deploy.0 = Debug|Any CPU
		{8324777D-626F-4435-9F80-5494DFDCCCC7}.Debug|ARM.ActiveCfg = Debug|Any CPU
		{8324777D-626F-4435-9F80-5494DFDCCCC7}.Debug|ARM.Build.0 = Debug|Any CPU
		{8324777D-626F-4435-9F80-5494DFDCCCC7}.Debug|ARM.Deploy.0 = Debug|Any CPU
		{8324777D-626F-4435-9F80-5494DFDCCCC7}.Debug|x64.ActiveCfg = Debug|Any CPU
		{8324777D-626F-4435-9F80-5494DFDCCCC7}.Debug|x64.Build.0 = Debug|Any CPU
		{8324777D-626F-4435-9F80-5494DFDCCCC7}.Debug|x64.Deploy.0 = Debug|Any CPU
		{8324777D-626F-4435-9F80-5494DFDCCCC7}.Debug|x86.ActiveCfg = Debug|Any CPU
		{8324777D-626F-4435-9F80-5494DFDCCCC7}.Debug|x86.Build.0 = Debug|Any CPU
		{8324777D-626F-4435-9F80-5494DFDCCCC7}.Debug|x86.Deploy.0 = Debug|Any CPU
		{8324777D-626F-4435-9F80-5494DFDCCCC7}.Release|Any CPU.ActiveCfg = Release|Any CPU
		{8324777D-626F-4435-9F80-5494DFDCCCC7}.Release|Any CPU.Build.0 = Release|Any CPU
		{8324777D-626F-4435-9F80-5494DFDCCCC7}.Release|Any CPU.Deploy.0 = Release|Any CPU
		{8324777D-626F-4435-9F80-5494DFDCCCC7}.Release|ARM.ActiveCfg = Release|Any CPU
		{8324777D-626F-4435-9F80-5494DFDCCCC7}.Release|ARM.Build.0 = Release|Any CPU
		{8324777D-626F-4435-9F80-5494DFDCCCC7}.Release|ARM.Deploy.0 = Release|Any CPU
		{8324777D-626F-4435-9F80-5494DFDCCCC7}.Release|x64.ActiveCfg = Release|Any CPU
		{8324777D-626F-4435-9F80-5494DFDCCCC7}.Release|x64.Build.0 = Release|Any CPU
		{8324777D-626F-4435-9F80-5494DFDCCCC7}.Release|x64.Deploy.0 = Release|Any CPU
		{8324777D-626F-4435-9F80-5494DFDCCCC7}.Release|x86.ActiveCfg = Release|Any CPU
		{8324777D-626F-4435-9F80-5494DFDCCCC7}.Release|x86.Build.0 = Release|Any CPU
		{8324777D-626F-4435-9F80-5494DFDCCCC7}.Release|x86.Deploy.0 = Release|Any CPU
		{5121935B-DEB8-4903-95CD-0EFCE10978F7}.Debug|Any CPU.ActiveCfg = Debug|Any CPU
		{5121935B-DEB8-4903-95CD-0EFCE10978F7}.Debug|Any CPU.Build.0 = Debug|Any CPU
		{5121935B-DEB8-4903-95CD-0EFCE10978F7}.Debug|Any CPU.Deploy.0 = Debug|Any CPU
		{5121935B-DEB8-4903-95CD-0EFCE10978F7}.Debug|ARM.ActiveCfg = Debug|Any CPU
		{5121935B-DEB8-4903-95CD-0EFCE10978F7}.Debug|ARM.Build.0 = Debug|Any CPU
		{5121935B-DEB8-4903-95CD-0EFCE10978F7}.Debug|ARM.Deploy.0 = Debug|Any CPU
		{5121935B-DEB8-4903-95CD-0EFCE10978F7}.Debug|x64.ActiveCfg = Debug|Any CPU
		{5121935B-DEB8-4903-95CD-0EFCE10978F7}.Debug|x64.Build.0 = Debug|Any CPU
		{5121935B-DEB8-4903-95CD-0EFCE10978F7}.Debug|x64.Deploy.0 = Debug|Any CPU
		{5121935B-DEB8-4903-95CD-0EFCE10978F7}.Debug|x86.ActiveCfg = Debug|Any CPU
		{5121935B-DEB8-4903-95CD-0EFCE10978F7}.Debug|x86.Build.0 = Debug|Any CPU
		{5121935B-DEB8-4903-95CD-0EFCE10978F7}.Debug|x86.Deploy.0 = Debug|Any CPU
		{5121935B-DEB8-4903-95CD-0EFCE10978F7}.Release|Any CPU.ActiveCfg = Release|Any CPU
		{5121935B-DEB8-4903-95CD-0EFCE10978F7}.Release|Any CPU.Build.0 = Release|Any CPU
		{5121935B-DEB8-4903-95CD-0EFCE10978F7}.Release|Any CPU.Deploy.0 = Release|Any CPU
		{5121935B-DEB8-4903-95CD-0EFCE10978F7}.Release|ARM.ActiveCfg = Release|Any CPU
		{5121935B-DEB8-4903-95CD-0EFCE10978F7}.Release|ARM.Build.0 = Release|Any CPU
		{5121935B-DEB8-4903-95CD-0EFCE10978F7}.Release|ARM.Deploy.0 = Release|Any CPU
		{5121935B-DEB8-4903-95CD-0EFCE10978F7}.Release|x64.ActiveCfg = Release|Any CPU
		{5121935B-DEB8-4903-95CD-0EFCE10978F7}.Release|x64.Build.0 = Release|Any CPU
		{5121935B-DEB8-4903-95CD-0EFCE10978F7}.Release|x64.Deploy.0 = Release|Any CPU
		{5121935B-DEB8-4903-95CD-0EFCE10978F7}.Release|x86.ActiveCfg = Release|Any CPU
		{5121935B-DEB8-4903-95CD-0EFCE10978F7}.Release|x86.Build.0 = Release|Any CPU
		{5121935B-DEB8-4903-95CD-0EFCE10978F7}.Release|x86.Deploy.0 = Release|Any CPU
	EndGlobalSection
	GlobalSection(SolutionProperties) = preSolution
		HideSolutionNode = FALSE
	EndGlobalSection
	GlobalSection(ExtensibilityGlobals) = postSolution
		SolutionGuid = {0446BBE1-8615-4968-8E70-65508BE2D73A}
	EndGlobalSection
EndGlobal
